// !$*UTF8*$!
{
	archiveVersion = 1;
	classes = {
	};
	objectVersion = 55;
	objects = {

/* Begin PBXBuildFile section */
		C508E3DA28C64952007E2516 /* Extension + String.swift in Sources */ = {isa = PBXBuildFile; fileRef = C508E3D928C64952007E2516 /* Extension + String.swift */; };
		C508E3DD28C649F6007E2516 /* Localizable.strings in Resources */ = {isa = PBXBuildFile; fileRef = C508E3DF28C649F6007E2516 /* Localizable.strings */; };
		C53BE9AB28C1105400316901 /* LaunchVC.swift in Sources */ = {isa = PBXBuildFile; fileRef = C53BE9AA28C1105400316901 /* LaunchVC.swift */; };
		C54D850728BCA29200FCBA5F /* AppDelegate.swift in Sources */ = {isa = PBXBuildFile; fileRef = C54D850628BCA29200FCBA5F /* AppDelegate.swift */; };
		C54D850928BCA29200FCBA5F /* SceneDelegate.swift in Sources */ = {isa = PBXBuildFile; fileRef = C54D850828BCA29200FCBA5F /* SceneDelegate.swift */; };
		C54D850B28BCA29200FCBA5F /* ViewController.swift in Sources */ = {isa = PBXBuildFile; fileRef = C54D850A28BCA29200FCBA5F /* ViewController.swift */; };
		C54D851028BCA29300FCBA5F /* Assets.xcassets in Resources */ = {isa = PBXBuildFile; fileRef = C54D850F28BCA29300FCBA5F /* Assets.xcassets */; };
		C54D851328BCA29300FCBA5F /* LaunchScreen.storyboard in Resources */ = {isa = PBXBuildFile; fileRef = C54D851128BCA29300FCBA5F /* LaunchScreen.storyboard */; };
		C55E319228BCBDC6005A1595 /* APICaller.swift in Sources */ = {isa = PBXBuildFile; fileRef = C55E319128BCBDC6005A1595 /* APICaller.swift */; };
		C55E319528BCC2FF005A1595 /* Models.swift in Sources */ = {isa = PBXBuildFile; fileRef = C55E319428BCC2FF005A1595 /* Models.swift */; };
		C55E319728BCC8E1005A1595 /* NewsTableViewCell.swift in Sources */ = {isa = PBXBuildFile; fileRef = C55E319628BCC8E1005A1595 /* NewsTableViewCell.swift */; };
		C55E319A28BCCA2C005A1595 /* NewsTableViewCellViewModel.swift in Sources */ = {isa = PBXBuildFile; fileRef = C55E319928BCCA2C005A1595 /* NewsTableViewCellViewModel.swift */; };
		C56A268C28BE19AA00ACE301 /* Constants.swift in Sources */ = {isa = PBXBuildFile; fileRef = C56A268B28BE19AA00ACE301 /* Constants.swift */; };
		C574C95928BF629B00A6CFFB /* CategoriesCollectionViewCell.swift in Sources */ = {isa = PBXBuildFile; fileRef = C574C95728BF629B00A6CFFB /* CategoriesCollectionViewCell.swift */; };
		C574C95A28BF629B00A6CFFB /* CategoriesCollectionView.swift in Sources */ = {isa = PBXBuildFile; fileRef = C574C95828BF629B00A6CFFB /* CategoriesCollectionView.swift */; };
		C5805D44292387CB0047A7CF /* NewsMeAnotherTests.swift in Sources */ = {isa = PBXBuildFile; fileRef = C5805D43292387CB0047A7CF /* NewsMeAnotherTests.swift */; };
		C58C707328BF408B0046E8D4 /* Keys.swift in Sources */ = {isa = PBXBuildFile; fileRef = C58C707228BF408B0046E8D4 /* Keys.swift */; };
		C59B2AA329238E1D00E85BE3 /* NetworkMonitor.swift in Sources */ = {isa = PBXBuildFile; fileRef = C59B2AA129238D8F00E85BE3 /* NetworkMonitor.swift */; };
		C5F30E2428C0CCAE003605E6 /* Extension + UIImage.swift in Sources */ = {isa = PBXBuildFile; fileRef = C5F30E2328C0CCAE003605E6 /* Extension + UIImage.swift */; };
		C5FE8F9028CB242000BB9FE2 /* AsynchronousTest.swift in Sources */ = {isa = PBXBuildFile; fileRef = C5FE8F8F28CB242000BB9FE2 /* AsynchronousTest.swift */; };
/* End PBXBuildFile section */

/* Begin PBXContainerItemProxy section */
		C5805D45292387CB0047A7CF /* PBXContainerItemProxy */ = {
			isa = PBXContainerItemProxy;
			containerPortal = C54D84FB28BCA29200FCBA5F /* Project object */;
			proxyType = 1;
			remoteGlobalIDString = C54D850228BCA29200FCBA5F;
			remoteInfo = NewsMe;
		};
		C5FE8F9128CB242000BB9FE2 /* PBXContainerItemProxy */ = {
			isa = PBXContainerItemProxy;
			containerPortal = C54D84FB28BCA29200FCBA5F /* Project object */;
			proxyType = 1;
			remoteGlobalIDString = C54D850228BCA29200FCBA5F;
			remoteInfo = NewsMe;
		};
/* End PBXContainerItemProxy section */

/* Begin PBXFileReference section */
		C508E3D928C64952007E2516 /* Extension + String.swift */ = {isa = PBXFileReference; lastKnownFileType = sourcecode.swift; path = "Extension + String.swift"; sourceTree = "<group>"; };
		C508E3DE28C649F6007E2516 /* en */ = {isa = PBXFileReference; lastKnownFileType = text.plist.strings; name = en; path = en.lproj/Localizable.strings; sourceTree = "<group>"; };
		C508E3E028C64A3A007E2516 /* ru */ = {isa = PBXFileReference; lastKnownFileType = text.plist.strings; name = ru; path = ru.lproj/Localizable.strings; sourceTree = "<group>"; };
		C53BE9AA28C1105400316901 /* LaunchVC.swift */ = {isa = PBXFileReference; lastKnownFileType = sourcecode.swift; path = LaunchVC.swift; sourceTree = "<group>"; };
		C54D850328BCA29200FCBA5F /* NewsMe.app */ = {isa = PBXFileReference; explicitFileType = wrapper.application; includeInIndex = 0; path = NewsMe.app; sourceTree = BUILT_PRODUCTS_DIR; };
		C54D850628BCA29200FCBA5F /* AppDelegate.swift */ = {isa = PBXFileReference; lastKnownFileType = sourcecode.swift; path = AppDelegate.swift; sourceTree = "<group>"; };
		C54D850828BCA29200FCBA5F /* SceneDelegate.swift */ = {isa = PBXFileReference; lastKnownFileType = sourcecode.swift; path = SceneDelegate.swift; sourceTree = "<group>"; };
		C54D850A28BCA29200FCBA5F /* ViewController.swift */ = {isa = PBXFileReference; lastKnownFileType = sourcecode.swift; path = ViewController.swift; sourceTree = "<group>"; };
		C54D850F28BCA29300FCBA5F /* Assets.xcassets */ = {isa = PBXFileReference; lastKnownFileType = folder.assetcatalog; path = Assets.xcassets; sourceTree = "<group>"; };
		C54D851228BCA29300FCBA5F /* Base */ = {isa = PBXFileReference; lastKnownFileType = file.storyboard; name = Base; path = Base.lproj/LaunchScreen.storyboard; sourceTree = "<group>"; };
		C54D851428BCA29300FCBA5F /* Info.plist */ = {isa = PBXFileReference; lastKnownFileType = text.plist.xml; path = Info.plist; sourceTree = "<group>"; };
		C55E319128BCBDC6005A1595 /* APICaller.swift */ = {isa = PBXFileReference; lastKnownFileType = sourcecode.swift; path = APICaller.swift; sourceTree = "<group>"; };
		C55E319428BCC2FF005A1595 /* Models.swift */ = {isa = PBXFileReference; lastKnownFileType = sourcecode.swift; path = Models.swift; sourceTree = "<group>"; };
		C55E319628BCC8E1005A1595 /* NewsTableViewCell.swift */ = {isa = PBXFileReference; lastKnownFileType = sourcecode.swift; path = NewsTableViewCell.swift; sourceTree = "<group>"; };
		C55E319928BCCA2C005A1595 /* NewsTableViewCellViewModel.swift */ = {isa = PBXFileReference; lastKnownFileType = sourcecode.swift; path = NewsTableViewCellViewModel.swift; sourceTree = "<group>"; };
		C56A268B28BE19AA00ACE301 /* Constants.swift */ = {isa = PBXFileReference; lastKnownFileType = sourcecode.swift; path = Constants.swift; sourceTree = "<group>"; };
		C574C95728BF629B00A6CFFB /* CategoriesCollectionViewCell.swift */ = {isa = PBXFileReference; fileEncoding = 4; lastKnownFileType = sourcecode.swift; path = CategoriesCollectionViewCell.swift; sourceTree = "<group>"; };
		C574C95828BF629B00A6CFFB /* CategoriesCollectionView.swift */ = {isa = PBXFileReference; fileEncoding = 4; lastKnownFileType = sourcecode.swift; path = CategoriesCollectionView.swift; sourceTree = "<group>"; };
		C5805D41292387CB0047A7CF /* NewsMeAnotherTests.xctest */ = {isa = PBXFileReference; explicitFileType = wrapper.cfbundle; includeInIndex = 0; path = NewsMeAnotherTests.xctest; sourceTree = BUILT_PRODUCTS_DIR; };
		C5805D43292387CB0047A7CF /* NewsMeAnotherTests.swift */ = {isa = PBXFileReference; lastKnownFileType = sourcecode.swift; path = NewsMeAnotherTests.swift; sourceTree = "<group>"; };
		C58C707228BF408B0046E8D4 /* Keys.swift */ = {isa = PBXFileReference; fileEncoding = 4; lastKnownFileType = sourcecode.swift; path = Keys.swift; sourceTree = "<group>"; };
		C59B2AA129238D8F00E85BE3 /* NetworkMonitor.swift */ = {isa = PBXFileReference; lastKnownFileType = sourcecode.swift; path = NetworkMonitor.swift; sourceTree = "<group>"; };
		C5F30E2328C0CCAE003605E6 /* Extension + UIImage.swift */ = {isa = PBXFileReference; lastKnownFileType = sourcecode.swift; path = "Extension + UIImage.swift"; sourceTree = "<group>"; };
		C5FE8F8D28CB242000BB9FE2 /* NewsMeTests.xctest */ = {isa = PBXFileReference; explicitFileType = wrapper.cfbundle; includeInIndex = 0; path = NewsMeTests.xctest; sourceTree = BUILT_PRODUCTS_DIR; };
		C5FE8F8F28CB242000BB9FE2 /* AsynchronousTest.swift */ = {isa = PBXFileReference; lastKnownFileType = sourcecode.swift; path = AsynchronousTest.swift; sourceTree = "<group>"; };
/* End PBXFileReference section */

/* Begin PBXFrameworksBuildPhase section */
		C54D850028BCA29200FCBA5F /* Frameworks */ = {
			isa = PBXFrameworksBuildPhase;
			buildActionMask = 2147483647;
			files = (
			);
			runOnlyForDeploymentPostprocessing = 0;
		};
		C5805D3E292387CB0047A7CF /* Frameworks */ = {
			isa = PBXFrameworksBuildPhase;
			buildActionMask = 2147483647;
			files = (
			);
			runOnlyForDeploymentPostprocessing = 0;
		};
		C5FE8F8A28CB242000BB9FE2 /* Frameworks */ = {
			isa = PBXFrameworksBuildPhase;
			buildActionMask = 2147483647;
			files = (
			);
			runOnlyForDeploymentPostprocessing = 0;
		};
/* End PBXFrameworksBuildPhase section */

/* Begin PBXGroup section */
		C54D84FA28BCA29200FCBA5F = {
			isa = PBXGroup;
			children = (
				C54D850528BCA29200FCBA5F /* NewsMe */,
				C5FE8F8E28CB242000BB9FE2 /* NewsMeTests */,
				C5805D42292387CB0047A7CF /* NewsMeAnotherTests */,
				C54D850428BCA29200FCBA5F /* Products */,
			);
			sourceTree = "<group>";
		};
		C54D850428BCA29200FCBA5F /* Products */ = {
			isa = PBXGroup;
			children = (
				C54D850328BCA29200FCBA5F /* NewsMe.app */,
				C5FE8F8D28CB242000BB9FE2 /* NewsMeTests.xctest */,
				C5805D41292387CB0047A7CF /* NewsMeAnotherTests.xctest */,
			);
			name = Products;
			sourceTree = "<group>";
		};
		C54D850528BCA29200FCBA5F /* NewsMe */ = {
			isa = PBXGroup;
			children = (
				C54D853C28BCBC4300FCBA5F /* Application */,
				C55E319328BCC2EA005A1595 /* Network */,
				C58C707128BF408B0046E8D4 /* APIKeys */,
				C58CE38E28C9D53B00795B1F /* Localization */,
				C54D850A28BCA29200FCBA5F /* ViewController.swift */,
				C55E319628BCC8E1005A1595 /* NewsTableViewCell.swift */,
				C574C95628BF629B00A6CFFB /* Categories */,
				C56A268B28BE19AA00ACE301 /* Constants.swift */,
				C5F30E2328C0CCAE003605E6 /* Extension + UIImage.swift */,
				C53BE9AA28C1105400316901 /* LaunchVC.swift */,
				C54D851128BCA29300FCBA5F /* LaunchScreen.storyboard */,
				C54D850F28BCA29300FCBA5F /* Assets.xcassets */,
				C54D851428BCA29300FCBA5F /* Info.plist */,
			);
			path = NewsMe;
			sourceTree = "<group>";
		};
		C54D853C28BCBC4300FCBA5F /* Application */ = {
			isa = PBXGroup;
			children = (
				C54D850628BCA29200FCBA5F /* AppDelegate.swift */,
				C54D850828BCA29200FCBA5F /* SceneDelegate.swift */,
			);
			path = Application;
			sourceTree = "<group>";
		};
		C55E319328BCC2EA005A1595 /* Network */ = {
			isa = PBXGroup;
			children = (
				C55E319428BCC2FF005A1595 /* Models.swift */,
				C55E319928BCCA2C005A1595 /* NewsTableViewCellViewModel.swift */,
				C55E319128BCBDC6005A1595 /* APICaller.swift */,
			);
			name = Network;
			sourceTree = "<group>";
		};
		C574C95628BF629B00A6CFFB /* Categories */ = {
			isa = PBXGroup;
			children = (
				C574C95728BF629B00A6CFFB /* CategoriesCollectionViewCell.swift */,
				C574C95828BF629B00A6CFFB /* CategoriesCollectionView.swift */,
			);
			path = Categories;
			sourceTree = "<group>";
		};
		C5805D42292387CB0047A7CF /* NewsMeAnotherTests */ = {
			isa = PBXGroup;
			children = (
				C5805D43292387CB0047A7CF /* NewsMeAnotherTests.swift */,
				C59B2AA129238D8F00E85BE3 /* NetworkMonitor.swift */,
			);
			path = NewsMeAnotherTests;
			sourceTree = "<group>";
		};
		C58C707128BF408B0046E8D4 /* APIKeys */ = {
			isa = PBXGroup;
			children = (
				C58C707228BF408B0046E8D4 /* Keys.swift */,
			);
			path = APIKeys;
			sourceTree = "<group>";
		};
		C58CE38E28C9D53B00795B1F /* Localization */ = {
			isa = PBXGroup;
			children = (
				C508E3D928C64952007E2516 /* Extension + String.swift */,
				C508E3DF28C649F6007E2516 /* Localizable.strings */,
			);
			path = Localization;
			sourceTree = "<group>";
		};
		C5FE8F8E28CB242000BB9FE2 /* NewsMeTests */ = {
			isa = PBXGroup;
			children = (
				C5FE8F8F28CB242000BB9FE2 /* AsynchronousTest.swift */,
			);
			path = NewsMeTests;
			sourceTree = "<group>";
		};
/* End PBXGroup section */

/* Begin PBXNativeTarget section */
		C54D850228BCA29200FCBA5F /* NewsMe */ = {
			isa = PBXNativeTarget;
			buildConfigurationList = C54D851728BCA29300FCBA5F /* Build configuration list for PBXNativeTarget "NewsMe" */;
			buildPhases = (
				C54D84FF28BCA29200FCBA5F /* Sources */,
				C54D850028BCA29200FCBA5F /* Frameworks */,
				C54D850128BCA29200FCBA5F /* Resources */,
			);
			buildRules = (
			);
			dependencies = (
			);
			name = NewsMe;
			productName = NewsMe;
			productReference = C54D850328BCA29200FCBA5F /* NewsMe.app */;
			productType = "com.apple.product-type.application";
		};
		C5805D40292387CB0047A7CF /* NewsMeAnotherTests */ = {
			isa = PBXNativeTarget;
			buildConfigurationList = C5805D47292387CB0047A7CF /* Build configuration list for PBXNativeTarget "NewsMeAnotherTests" */;
			buildPhases = (
				C5805D3D292387CB0047A7CF /* Sources */,
				C5805D3E292387CB0047A7CF /* Frameworks */,
				C5805D3F292387CB0047A7CF /* Resources */,
			);
			buildRules = (
			);
			dependencies = (
				C5805D46292387CB0047A7CF /* PBXTargetDependency */,
			);
			name = NewsMeAnotherTests;
			productName = NewsMeAnotherTests;
			productReference = C5805D41292387CB0047A7CF /* NewsMeAnotherTests.xctest */;
			productType = "com.apple.product-type.bundle.unit-test";
		};
		C5FE8F8C28CB242000BB9FE2 /* NewsMeTests */ = {
			isa = PBXNativeTarget;
			buildConfigurationList = C5FE8F9528CB242000BB9FE2 /* Build configuration list for PBXNativeTarget "NewsMeTests" */;
			buildPhases = (
				C5FE8F8928CB242000BB9FE2 /* Sources */,
				C5FE8F8A28CB242000BB9FE2 /* Frameworks */,
				C5FE8F8B28CB242000BB9FE2 /* Resources */,
			);
			buildRules = (
			);
			dependencies = (
				C5FE8F9228CB242000BB9FE2 /* PBXTargetDependency */,
			);
			name = NewsMeTests;
			productName = NewsMeTests;
			productReference = C5FE8F8D28CB242000BB9FE2 /* NewsMeTests.xctest */;
			productType = "com.apple.product-type.bundle.unit-test";
		};
/* End PBXNativeTarget section */

/* Begin PBXProject section */
		C54D84FB28BCA29200FCBA5F /* Project object */ = {
			isa = PBXProject;
			attributes = {
				BuildIndependentTargetsInParallel = 1;
				LastSwiftUpdateCheck = 1410;
				LastUpgradeCheck = 1410;
				TargetAttributes = {
					C54D850228BCA29200FCBA5F = {
						CreatedOnToolsVersion = 13.4.1;
					};
					C5805D40292387CB0047A7CF = {
						CreatedOnToolsVersion = 14.1;
						TestTargetID = C54D850228BCA29200FCBA5F;
					};
					C5FE8F8C28CB242000BB9FE2 = {
						CreatedOnToolsVersion = 13.4.1;
						TestTargetID = C54D850228BCA29200FCBA5F;
					};
				};
			};
			buildConfigurationList = C54D84FE28BCA29200FCBA5F /* Build configuration list for PBXProject "NewsMe" */;
			compatibilityVersion = "Xcode 13.0";
			developmentRegion = en;
			hasScannedForEncodings = 0;
			knownRegions = (
				en,
				Base,
				ru,
			);
			mainGroup = C54D84FA28BCA29200FCBA5F;
			productRefGroup = C54D850428BCA29200FCBA5F /* Products */;
			projectDirPath = "";
			projectRoot = "";
			targets = (
				C54D850228BCA29200FCBA5F /* NewsMe */,
				C5FE8F8C28CB242000BB9FE2 /* NewsMeTests */,
				C5805D40292387CB0047A7CF /* NewsMeAnotherTests */,
			);
		};
/* End PBXProject section */

/* Begin PBXResourcesBuildPhase section */
		C54D850128BCA29200FCBA5F /* Resources */ = {
			isa = PBXResourcesBuildPhase;
			buildActionMask = 2147483647;
			files = (
				C54D851328BCA29300FCBA5F /* LaunchScreen.storyboard in Resources */,
				C508E3DD28C649F6007E2516 /* Localizable.strings in Resources */,
				C54D851028BCA29300FCBA5F /* Assets.xcassets in Resources */,
			);
			runOnlyForDeploymentPostprocessing = 0;
		};
		C5805D3F292387CB0047A7CF /* Resources */ = {
			isa = PBXResourcesBuildPhase;
			buildActionMask = 2147483647;
			files = (
			);
			runOnlyForDeploymentPostprocessing = 0;
		};
		C5FE8F8B28CB242000BB9FE2 /* Resources */ = {
			isa = PBXResourcesBuildPhase;
			buildActionMask = 2147483647;
			files = (
			);
			runOnlyForDeploymentPostprocessing = 0;
		};
/* End PBXResourcesBuildPhase section */

/* Begin PBXSourcesBuildPhase section */
		C54D84FF28BCA29200FCBA5F /* Sources */ = {
			isa = PBXSourcesBuildPhase;
			buildActionMask = 2147483647;
			files = (
				C508E3DA28C64952007E2516 /* Extension + String.swift in Sources */,
				C54D850B28BCA29200FCBA5F /* ViewController.swift in Sources */,
				C53BE9AB28C1105400316901 /* LaunchVC.swift in Sources */,
				C54D850728BCA29200FCBA5F /* AppDelegate.swift in Sources */,
				C55E319728BCC8E1005A1595 /* NewsTableViewCell.swift in Sources */,
				C54D850928BCA29200FCBA5F /* SceneDelegate.swift in Sources */,
				C574C95928BF629B00A6CFFB /* CategoriesCollectionViewCell.swift in Sources */,
				C5F30E2428C0CCAE003605E6 /* Extension + UIImage.swift in Sources */,
				C55E319A28BCCA2C005A1595 /* NewsTableViewCellViewModel.swift in Sources */,
				C55E319228BCBDC6005A1595 /* APICaller.swift in Sources */,
				C55E319528BCC2FF005A1595 /* Models.swift in Sources */,
				C58C707328BF408B0046E8D4 /* Keys.swift in Sources */,
				C574C95A28BF629B00A6CFFB /* CategoriesCollectionView.swift in Sources */,
				C56A268C28BE19AA00ACE301 /* Constants.swift in Sources */,
			);
			runOnlyForDeploymentPostprocessing = 0;
		};
		C5805D3D292387CB0047A7CF /* Sources */ = {
			isa = PBXSourcesBuildPhase;
			buildActionMask = 2147483647;
			files = (
				C5805D44292387CB0047A7CF /* NewsMeAnotherTests.swift in Sources */,
				C59B2AA329238E1D00E85BE3 /* NetworkMonitor.swift in Sources */,
			);
			runOnlyForDeploymentPostprocessing = 0;
		};
		C5FE8F8928CB242000BB9FE2 /* Sources */ = {
			isa = PBXSourcesBuildPhase;
			buildActionMask = 2147483647;
			files = (
				C5FE8F9028CB242000BB9FE2 /* AsynchronousTest.swift in Sources */,
			);
			runOnlyForDeploymentPostprocessing = 0;
		};
/* End PBXSourcesBuildPhase section */

/* Begin PBXTargetDependency section */
		C5805D46292387CB0047A7CF /* PBXTargetDependency */ = {
			isa = PBXTargetDependency;
			target = C54D850228BCA29200FCBA5F /* NewsMe */;
			targetProxy = C5805D45292387CB0047A7CF /* PBXContainerItemProxy */;
		};
		C5FE8F9228CB242000BB9FE2 /* PBXTargetDependency */ = {
			isa = PBXTargetDependency;
			target = C54D850228BCA29200FCBA5F /* NewsMe */;
			targetProxy = C5FE8F9128CB242000BB9FE2 /* PBXContainerItemProxy */;
		};
/* End PBXTargetDependency section */

/* Begin PBXVariantGroup section */
		C508E3DF28C649F6007E2516 /* Localizable.strings */ = {
			isa = PBXVariantGroup;
			children = (
				C508E3DE28C649F6007E2516 /* en */,
				C508E3E028C64A3A007E2516 /* ru */,
			);
			name = Localizable.strings;
			sourceTree = "<group>";
		};
		C54D851128BCA29300FCBA5F /* LaunchScreen.storyboard */ = {
			isa = PBXVariantGroup;
			children = (
				C54D851228BCA29300FCBA5F /* Base */,
			);
			name = LaunchScreen.storyboard;
			sourceTree = "<group>";
		};
/* End PBXVariantGroup section */

/* Begin XCBuildConfiguration section */
		C54D851528BCA29300FCBA5F /* Debug */ = {
			isa = XCBuildConfiguration;
			buildSettings = {
				ALWAYS_SEARCH_USER_PATHS = NO;
				CLANG_ANALYZER_LOCALIZABILITY_NONLOCALIZED = YES;
				CLANG_ANALYZER_NONNULL = YES;
				CLANG_ANALYZER_NUMBER_OBJECT_CONVERSION = YES_AGGRESSIVE;
				CLANG_CXX_LANGUAGE_STANDARD = "gnu++17";
				CLANG_ENABLE_MODULES = YES;
				CLANG_ENABLE_OBJC_ARC = YES;
				CLANG_ENABLE_OBJC_WEAK = YES;
				CLANG_WARN_BLOCK_CAPTURE_AUTORELEASING = YES;
				CLANG_WARN_BOOL_CONVERSION = YES;
				CLANG_WARN_COMMA = YES;
				CLANG_WARN_CONSTANT_CONVERSION = YES;
				CLANG_WARN_DEPRECATED_OBJC_IMPLEMENTATIONS = YES;
				CLANG_WARN_DIRECT_OBJC_ISA_USAGE = YES_ERROR;
				CLANG_WARN_DOCUMENTATION_COMMENTS = YES;
				CLANG_WARN_EMPTY_BODY = YES;
				CLANG_WARN_ENUM_CONVERSION = YES;
				CLANG_WARN_INFINITE_RECURSION = YES;
				CLANG_WARN_INT_CONVERSION = YES;
				CLANG_WARN_NON_LITERAL_NULL_CONVERSION = YES;
				CLANG_WARN_OBJC_IMPLICIT_RETAIN_SELF = YES;
				CLANG_WARN_OBJC_LITERAL_CONVERSION = YES;
				CLANG_WARN_OBJC_ROOT_CLASS = YES_ERROR;
				CLANG_WARN_QUOTED_INCLUDE_IN_FRAMEWORK_HEADER = YES;
				CLANG_WARN_RANGE_LOOP_ANALYSIS = YES;
				CLANG_WARN_STRICT_PROTOTYPES = YES;
				CLANG_WARN_SUSPICIOUS_MOVE = YES;
				CLANG_WARN_UNGUARDED_AVAILABILITY = YES_AGGRESSIVE;
				CLANG_WARN_UNREACHABLE_CODE = YES;
				CLANG_WARN__DUPLICATE_METHOD_MATCH = YES;
				COPY_PHASE_STRIP = NO;
				DEBUG_INFORMATION_FORMAT = dwarf;
				ENABLE_STRICT_OBJC_MSGSEND = YES;
				ENABLE_TESTABILITY = YES;
				GCC_C_LANGUAGE_STANDARD = gnu11;
				GCC_DYNAMIC_NO_PIC = NO;
				GCC_NO_COMMON_BLOCKS = YES;
				GCC_OPTIMIZATION_LEVEL = 0;
				GCC_PREPROCESSOR_DEFINITIONS = (
					"DEBUG=1",
					"$(inherited)",
				);
				GCC_WARN_64_TO_32_BIT_CONVERSION = YES;
				GCC_WARN_ABOUT_RETURN_TYPE = YES_ERROR;
				GCC_WARN_UNDECLARED_SELECTOR = YES;
				GCC_WARN_UNINITIALIZED_AUTOS = YES_AGGRESSIVE;
				GCC_WARN_UNUSED_FUNCTION = YES;
				GCC_WARN_UNUSED_VARIABLE = YES;
				IPHONEOS_DEPLOYMENT_TARGET = 15.5;
				MTL_ENABLE_DEBUG_INFO = INCLUDE_SOURCE;
				MTL_FAST_MATH = YES;
				ONLY_ACTIVE_ARCH = YES;
				SDKROOT = iphoneos;
				SWIFT_ACTIVE_COMPILATION_CONDITIONS = DEBUG;
				SWIFT_OPTIMIZATION_LEVEL = "-Onone";
			};
			name = Debug;
		};
		C54D851628BCA29300FCBA5F /* Release */ = {
			isa = XCBuildConfiguration;
			buildSettings = {
				ALWAYS_SEARCH_USER_PATHS = NO;
				CLANG_ANALYZER_LOCALIZABILITY_NONLOCALIZED = YES;
				CLANG_ANALYZER_NONNULL = YES;
				CLANG_ANALYZER_NUMBER_OBJECT_CONVERSION = YES_AGGRESSIVE;
				CLANG_CXX_LANGUAGE_STANDARD = "gnu++17";
				CLANG_ENABLE_MODULES = YES;
				CLANG_ENABLE_OBJC_ARC = YES;
				CLANG_ENABLE_OBJC_WEAK = YES;
				CLANG_WARN_BLOCK_CAPTURE_AUTORELEASING = YES;
				CLANG_WARN_BOOL_CONVERSION = YES;
				CLANG_WARN_COMMA = YES;
				CLANG_WARN_CONSTANT_CONVERSION = YES;
				CLANG_WARN_DEPRECATED_OBJC_IMPLEMENTATIONS = YES;
				CLANG_WARN_DIRECT_OBJC_ISA_USAGE = YES_ERROR;
				CLANG_WARN_DOCUMENTATION_COMMENTS = YES;
				CLANG_WARN_EMPTY_BODY = YES;
				CLANG_WARN_ENUM_CONVERSION = YES;
				CLANG_WARN_INFINITE_RECURSION = YES;
				CLANG_WARN_INT_CONVERSION = YES;
				CLANG_WARN_NON_LITERAL_NULL_CONVERSION = YES;
				CLANG_WARN_OBJC_IMPLICIT_RETAIN_SELF = YES;
				CLANG_WARN_OBJC_LITERAL_CONVERSION = YES;
				CLANG_WARN_OBJC_ROOT_CLASS = YES_ERROR;
				CLANG_WARN_QUOTED_INCLUDE_IN_FRAMEWORK_HEADER = YES;
				CLANG_WARN_RANGE_LOOP_ANALYSIS = YES;
				CLANG_WARN_STRICT_PROTOTYPES = YES;
				CLANG_WARN_SUSPICIOUS_MOVE = YES;
				CLANG_WARN_UNGUARDED_AVAILABILITY = YES_AGGRESSIVE;
				CLANG_WARN_UNREACHABLE_CODE = YES;
				CLANG_WARN__DUPLICATE_METHOD_MATCH = YES;
				COPY_PHASE_STRIP = NO;
				DEBUG_INFORMATION_FORMAT = "dwarf-with-dsym";
				ENABLE_NS_ASSERTIONS = NO;
				ENABLE_STRICT_OBJC_MSGSEND = YES;
				GCC_C_LANGUAGE_STANDARD = gnu11;
				GCC_NO_COMMON_BLOCKS = YES;
				GCC_WARN_64_TO_32_BIT_CONVERSION = YES;
				GCC_WARN_ABOUT_RETURN_TYPE = YES_ERROR;
				GCC_WARN_UNDECLARED_SELECTOR = YES;
				GCC_WARN_UNINITIALIZED_AUTOS = YES_AGGRESSIVE;
				GCC_WARN_UNUSED_FUNCTION = YES;
				GCC_WARN_UNUSED_VARIABLE = YES;
				IPHONEOS_DEPLOYMENT_TARGET = 15.5;
				MTL_ENABLE_DEBUG_INFO = NO;
				MTL_FAST_MATH = YES;
				SDKROOT = iphoneos;
				SWIFT_COMPILATION_MODE = wholemodule;
				SWIFT_OPTIMIZATION_LEVEL = "-O";
				VALIDATE_PRODUCT = YES;
			};
			name = Release;
		};
		C54D851828BCA29300FCBA5F /* Debug */ = {
			isa = XCBuildConfiguration;
			buildSettings = {
				ASSETCATALOG_COMPILER_APPICON_NAME = AppIcon;
				ASSETCATALOG_COMPILER_GLOBAL_ACCENT_COLOR_NAME = AccentColor;
				CODE_SIGN_STYLE = Automatic;
				CURRENT_PROJECT_VERSION = 1;
				DEVELOPMENT_TEAM = 5CD9RDCH3V;
				GENERATE_INFOPLIST_FILE = YES;
				INFOPLIST_FILE = NewsMe/Info.plist;
				INFOPLIST_KEY_CFBundleDisplayName = "Новости";
				INFOPLIST_KEY_UIApplicationSupportsIndirectInputEvents = YES;
				INFOPLIST_KEY_UILaunchStoryboardName = LaunchScreen;
				INFOPLIST_KEY_UISupportedInterfaceOrientations = "";
				INFOPLIST_KEY_UISupportedInterfaceOrientations_iPad = "UIInterfaceOrientationPortrait UIInterfaceOrientationPortraitUpsideDown UIInterfaceOrientationLandscapeLeft UIInterfaceOrientationLandscapeRight";
				INFOPLIST_KEY_UISupportedInterfaceOrientations_iPhone = "UIInterfaceOrientationPortrait UIInterfaceOrientationLandscapeLeft UIInterfaceOrientationLandscapeRight";
				LD_RUNPATH_SEARCH_PATHS = (
					"$(inherited)",
					"@executable_path/Frameworks",
				);
				MARKETING_VERSION = 1.0;
				PRODUCT_BUNDLE_IDENTIFIER = com.SAI.NewsMe;
				PRODUCT_NAME = "$(TARGET_NAME)";
				SWIFT_EMIT_LOC_STRINGS = YES;
				SWIFT_VERSION = 5.0;
				TARGETED_DEVICE_FAMILY = "1,2";
			};
			name = Debug;
		};
		C54D851928BCA29300FCBA5F /* Release */ = {
			isa = XCBuildConfiguration;
			buildSettings = {
				ASSETCATALOG_COMPILER_APPICON_NAME = AppIcon;
				ASSETCATALOG_COMPILER_GLOBAL_ACCENT_COLOR_NAME = AccentColor;
				CODE_SIGN_STYLE = Automatic;
				CURRENT_PROJECT_VERSION = 1;
				DEVELOPMENT_TEAM = 5CD9RDCH3V;
				GENERATE_INFOPLIST_FILE = YES;
				INFOPLIST_FILE = NewsMe/Info.plist;
				INFOPLIST_KEY_CFBundleDisplayName = "Новости";
				INFOPLIST_KEY_UIApplicationSupportsIndirectInputEvents = YES;
				INFOPLIST_KEY_UILaunchStoryboardName = LaunchScreen;
				INFOPLIST_KEY_UISupportedInterfaceOrientations = "";
				INFOPLIST_KEY_UISupportedInterfaceOrientations_iPad = "UIInterfaceOrientationPortrait UIInterfaceOrientationPortraitUpsideDown UIInterfaceOrientationLandscapeLeft UIInterfaceOrientationLandscapeRight";
				INFOPLIST_KEY_UISupportedInterfaceOrientations_iPhone = "UIInterfaceOrientationPortrait UIInterfaceOrientationLandscapeLeft UIInterfaceOrientationLandscapeRight";
				LD_RUNPATH_SEARCH_PATHS = (
					"$(inherited)",
					"@executable_path/Frameworks",
				);
				MARKETING_VERSION = 1.0;
				PRODUCT_BUNDLE_IDENTIFIER = com.SAI.NewsMe;
				PRODUCT_NAME = "$(TARGET_NAME)";
				SWIFT_EMIT_LOC_STRINGS = YES;
				SWIFT_OPTIMIZATION_LEVEL = "-Onone";
				SWIFT_VERSION = 5.0;
				TARGETED_DEVICE_FAMILY = "1,2";
			};
			name = Release;
		};
		C5805D48292387CB0047A7CF /* Debug */ = {
			isa = XCBuildConfiguration;
			buildSettings = {
				BUNDLE_LOADER = "$(TEST_HOST)";
				CLANG_CXX_LANGUAGE_STANDARD = "gnu++20";
				CODE_SIGN_STYLE = Automatic;
				CURRENT_PROJECT_VERSION = 1;
				DEAD_CODE_STRIPPING = YES;
				DEVELOPMENT_TEAM = 5CD9RDCH3V;
				GENERATE_INFOPLIST_FILE = YES;
				IPHONEOS_DEPLOYMENT_TARGET = 15.5;
				MACOSX_DEPLOYMENT_TARGET = 13.0;
				MARKETING_VERSION = 1.0;
				PRODUCT_BUNDLE_IDENTIFIER = com.SAI.NewsMeAnotherTests;
				PRODUCT_NAME = "$(TARGET_NAME)";
				SDKROOT = auto;
				SUPPORTED_PLATFORMS = "iphoneos iphonesimulator macosx";
				SWIFT_EMIT_LOC_STRINGS = NO;
				SWIFT_VERSION = 5.0;
				TARGETED_DEVICE_FAMILY = "1,2";
				TEST_HOST = "$(BUILT_PRODUCTS_DIR)/NewsMe.app/$(BUNDLE_EXECUTABLE_FOLDER_PATH)/NewsMe";
			};
			name = Debug;
		};
		C5805D49292387CB0047A7CF /* Release */ = {
			isa = XCBuildConfiguration;
			buildSettings = {
				BUNDLE_LOADER = "$(TEST_HOST)";
				CLANG_CXX_LANGUAGE_STANDARD = "gnu++20";
				CODE_SIGN_STYLE = Automatic;
				CURRENT_PROJECT_VERSION = 1;
				DEAD_CODE_STRIPPING = YES;
				DEVELOPMENT_TEAM = 5CD9RDCH3V;
				GENERATE_INFOPLIST_FILE = YES;
				IPHONEOS_DEPLOYMENT_TARGET = 15.5;
				MACOSX_DEPLOYMENT_TARGET = 13.0;
				MARKETING_VERSION = 1.0;
				PRODUCT_BUNDLE_IDENTIFIER = com.SAI.NewsMeAnotherTests;
				PRODUCT_NAME = "$(TARGET_NAME)";
				SDKROOT = auto;
				SUPPORTED_PLATFORMS = "iphoneos iphonesimulator macosx";
				SWIFT_EMIT_LOC_STRINGS = NO;
				SWIFT_VERSION = 5.0;
				TARGETED_DEVICE_FAMILY = "1,2";
				TEST_HOST = "$(BUILT_PRODUCTS_DIR)/NewsMe.app/$(BUNDLE_EXECUTABLE_FOLDER_PATH)/NewsMe";
			};
			name = Release;
		};
		C5FE8F9328CB242000BB9FE2 /* Debug */ = {
			isa = XCBuildConfiguration;
			buildSettings = {
				BUNDLE_LOADER = "$(TEST_HOST)";
				CODE_SIGN_STYLE = Automatic;
				CURRENT_PROJECT_VERSION = 1;
				DEVELOPMENT_TEAM = 5CD9RDCH3V;
				GENERATE_INFOPLIST_FILE = YES;
				MARKETING_VERSION = 1.0;
				PRODUCT_BUNDLE_IDENTIFIER = com.SAI.NewsMeTests;
				PRODUCT_NAME = "$(TARGET_NAME)";
				SWIFT_EMIT_LOC_STRINGS = NO;
				SWIFT_VERSION = 5.0;
				TARGETED_DEVICE_FAMILY = "1,2";
				TEST_HOST = "$(BUILT_PRODUCTS_DIR)/NewsMe.app/NewsMe";
			};
			name = Debug;
		};
		C5FE8F9428CB242000BB9FE2 /* Release */ = {
			isa = XCBuildConfiguration;
			buildSettings = {
				BUNDLE_LOADER = "$(TEST_HOST)";
				CODE_SIGN_STYLE = Automatic;
				CURRENT_PROJECT_VERSION = 1;
				DEVELOPMENT_TEAM = 5CD9RDCH3V;
				GENERATE_INFOPLIST_FILE = YES;
				MARKETING_VERSION = 1.0;
				PRODUCT_BUNDLE_IDENTIFIER = com.SAI.NewsMeTests;
				PRODUCT_NAME = "$(TARGET_NAME)";
				SWIFT_EMIT_LOC_STRINGS = NO;
				SWIFT_VERSION = 5.0;
				TARGETED_DEVICE_FAMILY = "1,2";
				TEST_HOST = "$(BUILT_PRODUCTS_DIR)/NewsMe.app/NewsMe";
			};
			name = Release;
		};
/* End XCBuildConfiguration section */

/* Begin XCConfigurationList section */
		C54D84FE28BCA29200FCBA5F /* Build configuration list for PBXProject "NewsMe" */ = {
			isa = XCConfigurationList;
			buildConfigurations = (
				C54D851528BCA29300FCBA5F /* Debug */,
				C54D851628BCA29300FCBA5F /* Release */,
			);
			defaultConfigurationIsVisible = 0;
			defaultConfigurationName = Release;
		};
		C54D851728BCA29300FCBA5F /* Build configuration list for PBXNativeTarget "NewsMe" */ = {
			isa = XCConfigurationList;
			buildConfigurations = (
				C54D851828BCA29300FCBA5F /* Debug */,
				C54D851928BCA29300FCBA5F /* Release */,
			);
			defaultConfigurationIsVisible = 0;
			defaultConfigurationName = Release;
		};
		C5805D47292387CB0047A7CF /* Build configuration list for PBXNativeTarget "NewsMeAnotherTests" */ = {
			isa = XCConfigurationList;
			buildConfigurations = (
				C5805D48292387CB0047A7CF /* Debug */,
				C5805D49292387CB0047A7CF /* Release */,
			);
			defaultConfigurationIsVisible = 0;
			defaultConfigurationName = Release;
		};
		C5FE8F9528CB242000BB9FE2 /* Build configuration list for PBXNativeTarget "NewsMeTests" */ = {
			isa = XCConfigurationList;
			buildConfigurations = (
				C5FE8F9328CB242000BB9FE2 /* Debug */,
				C5FE8F9428CB242000BB9FE2 /* Release */,
			);
			defaultConfigurationIsVisible = 0;
			defaultConfigurationName = Release;
		};
/* End XCConfigurationList section */
	};
	rootObject = C54D84FB28BCA29200FCBA5F /* Project object */;
}
